<Solution>
  <Folder Name="/AgentPortalApiGateway/">
  </Folder>
  <Folder Name="/AgentPortalApiGateway/AgentPortalApiGateway/">
    <File Path="../Baitap2/AgentPortalApiGateway/AgentPortalApiGateway/AgentPortalApiGateway.csproj" />
    <File Path="../Baitap2/AgentPortalApiGateway/AgentPortalApiGateway/AppSettings.cs" />
    <File Path="../Baitap2/AgentPortalApiGateway/AgentPortalApiGateway/Dockerfile" />
    <File Path="../Baitap2/AgentPortalApiGateway/AgentPortalApiGateway/Program.cs" />
    <File Path="../Baitap2/AgentPortalApiGateway/AgentPortalApiGateway/appsettings.Development.json" />
    <File Path="../Baitap2/AgentPortalApiGateway/AgentPortalApiGateway/appsettings.docker.json" />
    <File Path="../Baitap2/AgentPortalApiGateway/AgentPortalApiGateway/appsettings.json" />
    <File Path="../Baitap2/AgentPortalApiGateway/AgentPortalApiGateway/ocelot.docker.json" />
    <File Path="../Baitap2/AgentPortalApiGateway/AgentPortalApiGateway/ocelot.json" />
  </Folder>
  <Folder Name="/AgentPortalApiGateway/AgentPortalApiGateway/Properties/">
    <File Path="../Baitap2/AgentPortalApiGateway/AgentPortalApiGateway/Properties/launchSettings.json" />
  </Folder>
  <Folder Name="/BlazorWasmClient/">
  </Folder>
  <Folder Name="/BlazorWasmClient/BlazorWasmClient/">
    <File Path="../Baitap2/BlazorWasmClient/BlazorWasmClient/App.razor" />
    <File Path="../Baitap2/BlazorWasmClient/BlazorWasmClient/BlazorWasmClient.csproj" />
    <File Path="../Baitap2/BlazorWasmClient/BlazorWasmClient/GlobalUsings.cs" />
    <File Path="../Baitap2/BlazorWasmClient/BlazorWasmClient/Program.cs" />
    <File Path="../Baitap2/BlazorWasmClient/BlazorWasmClient/_Imports.razor" />
  </Folder>
  <Folder Name="/BlazorWasmClient/BlazorWasmClient/Components/">
  </Folder>
  <Folder Name="/BlazorWasmClient/BlazorWasmClient/Components/Auth/">
    <File Path="../Baitap2/BlazorWasmClient/BlazorWasmClient/Components/Auth/AuthClient.cs" />
    <File Path="../Baitap2/BlazorWasmClient/BlazorWasmClient/Components/Auth/AuthRequest.cs" />
    <File Path="../Baitap2/BlazorWasmClient/BlazorWasmClient/Components/Auth/AuthResponse.cs" />
    <File Path="../Baitap2/BlazorWasmClient/BlazorWasmClient/Components/Auth/CustomAuthenticationStateProvider.cs" />
    <File Path="../Baitap2/BlazorWasmClient/BlazorWasmClient/Components/Auth/Login.razor" />
    <File Path="../Baitap2/BlazorWasmClient/BlazorWasmClient/Components/Auth/SessionStorageExtension.cs" />
    <File Path="../Baitap2/BlazorWasmClient/BlazorWasmClient/Components/Auth/UserSession.cs" />
  </Folder>
  <Folder Name="/BlazorWasmClient/BlazorWasmClient/Components/Chat/">
    <File Path="../Baitap2/BlazorWasmClient/BlazorWasmClient/Components/Chat/Chat.razor" />
    <File Path="../Baitap2/BlazorWasmClient/BlazorWasmClient/Components/Chat/ChatMessage.cs" />
  </Folder>
  <Folder Name="/BlazorWasmClient/BlazorWasmClient/Components/Dashboard/">
    <File Path="../Baitap2/BlazorWasmClient/BlazorWasmClient/Components/Dashboard/Dashboard.razor" />
    <File Path="../Baitap2/BlazorWasmClient/BlazorWasmClient/Components/Dashboard/DashboardClient.cs" />
    <File Path="../Baitap2/BlazorWasmClient/BlazorWasmClient/Components/Dashboard/ProductTotalSalesModel.cs" />
    <File Path="../Baitap2/BlazorWasmClient/BlazorWasmClient/Components/Dashboard/ProductsSalesCard.razor" />
    <File Path="../Baitap2/BlazorWasmClient/BlazorWasmClient/Components/Dashboard/SalesAgentsCard.razor" />
    <File Path="../Baitap2/BlazorWasmClient/BlazorWasmClient/Components/Dashboard/TotalSalesCard.razor" />
    <File Path="../Baitap2/BlazorWasmClient/BlazorWasmClient/Components/Dashboard/TrandsCard.razor" />
  </Folder>
  <Folder Name="/BlazorWasmClient/BlazorWasmClient/Components/Layout/">
    <File Path="../Baitap2/BlazorWasmClient/BlazorWasmClient/Components/Layout/FooterMenu.razor" />
    <File Path="../Baitap2/BlazorWasmClient/BlazorWasmClient/Components/Layout/SideMenu.razor" />
    <File Path="../Baitap2/BlazorWasmClient/BlazorWasmClient/Components/Layout/ThemeColorSelector.razor" />
    <File Path="../Baitap2/BlazorWasmClient/BlazorWasmClient/Components/Layout/ThemeColorSelector.razor.css" />
    <File Path="../Baitap2/BlazorWasmClient/BlazorWasmClient/Components/Layout/TopMenu.razor" />
  </Folder>
  <Folder Name="/BlazorWasmClient/BlazorWasmClient/Components/PolicySearch/">
    <File Path="../Baitap2/BlazorWasmClient/BlazorWasmClient/Components/PolicySearch/PolicySearch.razor" />
    <File Path="../Baitap2/BlazorWasmClient/BlazorWasmClient/Components/PolicySearch/PolicySearchClient.cs" />
    <File Path="../Baitap2/BlazorWasmClient/BlazorWasmClient/Components/PolicySearch/PolicySearchCriteriaModel.cs" />
  </Folder>
  <Folder Name="/BlazorWasmClient/BlazorWasmClient/Components/Products/">
    <File Path="../Baitap2/BlazorWasmClient/BlazorWasmClient/Components/Products/ContractDetailsSection.razor" />
    <File Path="../Baitap2/BlazorWasmClient/BlazorWasmClient/Components/Products/OfferParametersModel.cs" />
    <File Path="../Baitap2/BlazorWasmClient/BlazorWasmClient/Components/Products/OfferParamsSection.razor" />
    <File Path="../Baitap2/BlazorWasmClient/BlazorWasmClient/Components/Products/PolicyClient.cs" />
    <File Path="../Baitap2/BlazorWasmClient/BlazorWasmClient/Components/Products/PolicySummarySection.razor" />
    <File Path="../Baitap2/BlazorWasmClient/BlazorWasmClient/Components/Products/ProductCard.razor" />
    <File Path="../Baitap2/BlazorWasmClient/BlazorWasmClient/Components/Products/ProductDetails.razor" />
    <File Path="../Baitap2/BlazorWasmClient/BlazorWasmClient/Components/Products/ProductsClient.cs" />
    <File Path="../Baitap2/BlazorWasmClient/BlazorWasmClient/Components/Products/ProductsList.razor" />
  </Folder>
  <Folder Name="/BlazorWasmClient/BlazorWasmClient/Layouts/">
    <File Path="../Baitap2/BlazorWasmClient/BlazorWasmClient/Layouts/MainLayout.razor" />
    <File Path="../Baitap2/BlazorWasmClient/BlazorWasmClient/Layouts/MainLayout.razor.cs" />
  </Folder>
  <Folder Name="/BlazorWasmClient/BlazorWasmClient/Pages/">
    <File Path="../Baitap2/BlazorWasmClient/BlazorWasmClient/Pages/Home.razor" />
  </Folder>
  <Folder Name="/BlazorWasmClient/BlazorWasmClient/Properties/">
    <File Path="../Baitap2/BlazorWasmClient/BlazorWasmClient/Properties/launchSettings.json" />
  </Folder>
  <Folder Name="/BlazorWasmClient/BlazorWasmClient/Shared/">
    <File Path="../Baitap2/BlazorWasmClient/BlazorWasmClient/Shared/ApiResponse.cs" />
    <File Path="../Baitap2/BlazorWasmClient/BlazorWasmClient/Shared/CustomValidations.cs" />
    <File Path="../Baitap2/BlazorWasmClient/BlazorWasmClient/Shared/DateTimeExtension.cs" />
    <File Path="../Baitap2/BlazorWasmClient/BlazorWasmClient/Shared/ProductIcons.cs" />
  </Folder>
  <Folder Name="/BlazorWasmClient/BlazorWasmClient/wwwroot/">
    <File Path="../Baitap2/BlazorWasmClient/BlazorWasmClient/wwwroot/appsettings.json" />
    <File Path="../Baitap2/BlazorWasmClient/BlazorWasmClient/wwwroot/brand-logo.png" />
    <File Path="../Baitap2/BlazorWasmClient/BlazorWasmClient/wwwroot/favicon.ico" />
    <File Path="../Baitap2/BlazorWasmClient/BlazorWasmClient/wwwroot/index.html" />
  </Folder>
  <Folder Name="/BlazorWasmClient/BlazorWasmClient/wwwroot/css/">
    <File Path="../Baitap2/BlazorWasmClient/BlazorWasmClient/wwwroot/css/blazor-ui.css" />
  </Folder>
  <Folder Name="/BlazorWasmClient/BlazorWasmClient/wwwroot/css/material/">
    <File Path="../Baitap2/BlazorWasmClient/BlazorWasmClient/wwwroot/css/material/material.css" />
    <File Path="../Baitap2/BlazorWasmClient/BlazorWasmClient/wwwroot/css/material/material.css.map" />
    <File Path="../Baitap2/BlazorWasmClient/BlazorWasmClient/wwwroot/css/material/material.min.css" />
    <File Path="../Baitap2/BlazorWasmClient/BlazorWasmClient/wwwroot/css/material/material.min.css.map" />
  </Folder>
  <Folder Name="/BlazorWasmClient/BlazorWasmClient/wwwroot/js/">
  </Folder>
  <Folder Name="/BlazorWasmClient/BlazorWasmClient/wwwroot/js/material/">
    <File Path="../Baitap2/BlazorWasmClient/BlazorWasmClient/wwwroot/js/material/material.js" />
    <File Path="../Baitap2/BlazorWasmClient/BlazorWasmClient/wwwroot/js/material/material.js.map" />
    <File Path="../Baitap2/BlazorWasmClient/BlazorWasmClient/wwwroot/js/material/material.min.js" />
    <File Path="../Baitap2/BlazorWasmClient/BlazorWasmClient/wwwroot/js/material/material.min.js.map" />
  </Folder>
  <Folder Name="/BlazorWasmClient/BlazorWasmClient/wwwroot/static/">
    <File Path="../Baitap2/BlazorWasmClient/BlazorWasmClient/wwwroot/static/car.jpg" />
    <File Path="../Baitap2/BlazorWasmClient/BlazorWasmClient/wwwroot/static/farm.jpg" />
    <File Path="../Baitap2/BlazorWasmClient/BlazorWasmClient/wwwroot/static/house.jpg" />
    <File Path="../Baitap2/BlazorWasmClient/BlazorWasmClient/wwwroot/static/travel.jpg" />
  </Folder>
  <Folder Name="/BlazorWasmClient/BlazorWasmClient/wwwroot/static/avatars/">
    <File Path="../Baitap2/BlazorWasmClient/BlazorWasmClient/wwwroot/static/avatars/admin.png" />
    <File Path="../Baitap2/BlazorWasmClient/BlazorWasmClient/wwwroot/static/avatars/agent1.png" />
    <File Path="../Baitap2/BlazorWasmClient/BlazorWasmClient/wwwroot/static/avatars/danny_solid.png" />
    <File Path="../Baitap2/BlazorWasmClient/BlazorWasmClient/wwwroot/static/avatars/jimmy_solid.png" />
  </Folder>
  <Folder Name="/Web/">
    <File Path="../Baitap2/Web/.dockerignore" />
    <File Path="../Baitap2/Web/.env-example" />
    <File Path="../Baitap2/Web/.gitignore" />
    <File Path="../Baitap2/Web/Dockerfile" />
    <File Path="../Baitap2/Web/README.md" />
    <File Path="../Baitap2/Web/babel.config.js" />
    <File Path="../Baitap2/Web/nginx.conf" />
    <File Path="../Baitap2/Web/package-lock.json" />
    <File Path="../Baitap2/Web/package.json" />
    <File Path="../Baitap2/Web/yarn.lock" />
  </Folder>
  <Folder Name="/Web/Web/">
    <File Path="../Baitap2/Web/Web/.dockerignore" />
    <File Path="../Baitap2/Web/Web/.env-example" />
    <File Path="../Baitap2/Web/Web/.gitignore" />
    <File Path="../Baitap2/Web/Web/Dockerfile" />
    <File Path="../Baitap2/Web/Web/README.md" />
    <File Path="../Baitap2/Web/Web/babel.config.js" />
    <File Path="../Baitap2/Web/Web/nginx.conf" />
    <File Path="../Baitap2/Web/Web/package-lock.json" />
    <File Path="../Baitap2/Web/Web/package.json" />
    <File Path="../Baitap2/Web/Web/yarn.lock" />
  </Folder>
  <Folder Name="/Web/Web/public/">
    <File Path="../Baitap2/Web/Web/public/favicon.ico" />
    <File Path="../Baitap2/Web/Web/public/index.html" />
  </Folder>
  <Folder Name="/Web/Web/public/static/">
    <File Path="../Baitap2/Web/Web/public/static/car.jpg" />
    <File Path="../Baitap2/Web/Web/public/static/farm.jpg" />
    <File Path="../Baitap2/Web/Web/public/static/house.jpg" />
    <File Path="../Baitap2/Web/Web/public/static/travel.jpg" />
  </Folder>
  <Folder Name="/Web/Web/public/static/avatars/">
    <File Path="../Baitap2/Web/Web/public/static/avatars/admin.png" />
    <File Path="../Baitap2/Web/Web/public/static/avatars/agent1.png" />
    <File Path="../Baitap2/Web/Web/public/static/avatars/danny_solid.png" />
    <File Path="../Baitap2/Web/Web/public/static/avatars/jimmy_solid.png" />
  </Folder>
  <Folder Name="/Web/Web/src/">
    <File Path="../Baitap2/Web/Web/src/App.vue" />
    <File Path="../Baitap2/Web/Web/src/main.js" />
    <File Path="../Baitap2/Web/Web/src/router.js" />
  </Folder>
  <Folder Name="/Web/Web/src/assets/">
    <File Path="../Baitap2/Web/Web/src/assets/logo.png" />
    <File Path="../Baitap2/Web/Web/src/assets/logo_horizontal.png" />
  </Folder>
  <Folder Name="/Web/Web/src/components/">
    <File Path="../Baitap2/Web/Web/src/components/Account.vue" />
    <File Path="../Baitap2/Web/Web/src/components/Chat.vue" />
    <File Path="../Baitap2/Web/Web/src/components/Chatbot.vue" />
    <File Path="../Baitap2/Web/Web/src/components/CoverList.vue" />
    <File Path="../Baitap2/Web/Web/src/components/Dashboard.vue" />
    <File Path="../Baitap2/Web/Web/src/components/Home.vue" />
    <File Path="../Baitap2/Web/Web/src/components/PolicyCreate.vue" />
    <File Path="../Baitap2/Web/Web/src/components/PolicyDetails.vue" />
    <File Path="../Baitap2/Web/Web/src/components/PolicyList.vue" />
    <File Path="../Baitap2/Web/Web/src/components/ProductCard.vue" />
    <File Path="../Baitap2/Web/Web/src/components/ProductDetails.vue" />
    <File Path="../Baitap2/Web/Web/src/components/ProductList.vue" />
    <File Path="../Baitap2/Web/Web/src/components/SalesAgents.vue" />
    <File Path="../Baitap2/Web/Web/src/components/SalesBar.js" />
    <File Path="../Baitap2/Web/Web/src/components/SalesDistribution.vue" />
    <File Path="../Baitap2/Web/Web/src/components/SalesLines.js" />
    <File Path="../Baitap2/Web/Web/src/components/SalesPie.js" />
    <File Path="../Baitap2/Web/Web/src/components/SalesTrendsLines.vue" />
    <File Path="../Baitap2/Web/Web/src/components/TotalSalesCard.vue" />
  </Folder>
  <Folder Name="/Web/Web/src/components/http/">
    <File Path="../Baitap2/Web/Web/src/components/http/ApiClient.js" />
    <File Path="../Baitap2/Web/Web/src/components/http/Auth.js" />
    <File Path="../Baitap2/Web/Web/src/components/http/WebSocket.js" />
  </Folder>
  <Folder Name="/Web/Web/src/views/">
    <File Path="../Baitap2/Web/Web/src/views/AccountView.vue" />
    <File Path="../Baitap2/Web/Web/src/views/ChatView.vue" />
    <File Path="../Baitap2/Web/Web/src/views/ChatbotView.vue" />
    <File Path="../Baitap2/Web/Web/src/views/DashboardView.vue" />
    <File Path="../Baitap2/Web/Web/src/views/HomeView.vue" />
    <File Path="../Baitap2/Web/Web/src/views/PoliciesView.vue" />
    <File Path="../Baitap2/Web/Web/src/views/PolicyCreateView.vue" />
    <File Path="../Baitap2/Web/Web/src/views/PolicyDetailsView.vue" />
    <File Path="../Baitap2/Web/Web/src/views/ProductDetailsView.vue" />
    <File Path="../Baitap2/Web/Web/src/views/ProductsView.vue" />
  </Folder>
  <Folder Name="/Web/public/">
    <File Path="../Baitap2/Web/public/favicon.ico" />
    <File Path="../Baitap2/Web/public/index.html" />
  </Folder>
  <Folder Name="/Web/public/static/">
    <File Path="../Baitap2/Web/public/static/car.jpg" />
    <File Path="../Baitap2/Web/public/static/farm.jpg" />
    <File Path="../Baitap2/Web/public/static/house.jpg" />
    <File Path="../Baitap2/Web/public/static/travel.jpg" />
  </Folder>
  <Folder Name="/Web/public/static/avatars/">
    <File Path="../Baitap2/Web/public/static/avatars/admin.png" />
    <File Path="../Baitap2/Web/public/static/avatars/agent1.png" />
    <File Path="../Baitap2/Web/public/static/avatars/danny_solid.png" />
    <File Path="../Baitap2/Web/public/static/avatars/jimmy_solid.png" />
  </Folder>
  <Folder Name="/Web/src/">
    <File Path="../Baitap2/Web/src/App.vue" />
    <File Path="../Baitap2/Web/src/main.js" />
    <File Path="../Baitap2/Web/src/router.js" />
  </Folder>
  <Folder Name="/Web/src/assets/">
    <File Path="../Baitap2/Web/src/assets/logo.png" />
    <File Path="../Baitap2/Web/src/assets/logo_horizontal.png" />
  </Folder>
  <Folder Name="/Web/src/components/">
    <File Path="../Baitap2/Web/src/components/Account.vue" />
    <File Path="../Baitap2/Web/src/components/Chat.vue" />
    <File Path="../Baitap2/Web/src/components/Chatbot.vue" />
    <File Path="../Baitap2/Web/src/components/CoverList.vue" />
    <File Path="../Baitap2/Web/src/components/Dashboard.vue" />
    <File Path="../Baitap2/Web/src/components/Home.vue" />
    <File Path="../Baitap2/Web/src/components/PolicyCreate.vue" />
    <File Path="../Baitap2/Web/src/components/PolicyDetails.vue" />
    <File Path="../Baitap2/Web/src/components/PolicyList.vue" />
    <File Path="../Baitap2/Web/src/components/ProductCard.vue" />
    <File Path="../Baitap2/Web/src/components/ProductDetails.vue" />
    <File Path="../Baitap2/Web/src/components/ProductList.vue" />
    <File Path="../Baitap2/Web/src/components/SalesAgents.vue" />
    <File Path="../Baitap2/Web/src/components/SalesBar.js" />
    <File Path="../Baitap2/Web/src/components/SalesDistribution.vue" />
    <File Path="../Baitap2/Web/src/components/SalesLines.js" />
    <File Path="../Baitap2/Web/src/components/SalesPie.js" />
    <File Path="../Baitap2/Web/src/components/SalesTrendsLines.vue" />
    <File Path="../Baitap2/Web/src/components/TotalSalesCard.vue" />
  </Folder>
  <Folder Name="/Web/src/components/http/">
    <File Path="../Baitap2/Web/src/components/http/ApiClient.js" />
    <File Path="../Baitap2/Web/src/components/http/Auth.js" />
    <File Path="../Baitap2/Web/src/components/http/WebSocket.js" />
  </Folder>
  <Folder Name="/Web/src/views/">
    <File Path="../Baitap2/Web/src/views/AccountView.vue" />
    <File Path="../Baitap2/Web/src/views/ChatView.vue" />
    <File Path="../Baitap2/Web/src/views/ChatbotView.vue" />
    <File Path="../Baitap2/Web/src/views/DashboardView.vue" />
    <File Path="../Baitap2/Web/src/views/HomeView.vue" />
    <File Path="../Baitap2/Web/src/views/PoliciesView.vue" />
    <File Path="../Baitap2/Web/src/views/PolicyCreateView.vue" />
    <File Path="../Baitap2/Web/src/views/PolicyDetailsView.vue" />
    <File Path="../Baitap2/Web/src/views/ProductDetailsView.vue" />
    <File Path="../Baitap2/Web/src/views/ProductsView.vue" />
  </Folder>
  <Folder Name="/eureka-server/">
    <File Path="../Baitap2/eureka-server/Dockerfile" />
    <File Path="../Baitap2/eureka-server/build.gradle" />
    <File Path="../Baitap2/eureka-server/gradlew" />
    <File Path="../Baitap2/eureka-server/gradlew.bat" />
  </Folder>
  <Folder Name="/eureka-server/eureka-server/">
    <File Path="../Baitap2/eureka-server/eureka-server/Dockerfile" />
    <File Path="../Baitap2/eureka-server/eureka-server/build.gradle" />
    <File Path="../Baitap2/eureka-server/eureka-server/gradlew" />
    <File Path="../Baitap2/eureka-server/eureka-server/gradlew.bat" />
  </Folder>
  <Folder Name="/eureka-server/eureka-server/gradle/">
  </Folder>
  <Folder Name="/eureka-server/eureka-server/gradle/wrapper/">
    <File Path="../Baitap2/eureka-server/eureka-server/gradle/wrapper/gradle-wrapper.jar" />
    <File Path="../Baitap2/eureka-server/eureka-server/gradle/wrapper/gradle-wrapper.properties" />
  </Folder>
  <Folder Name="/eureka-server/eureka-server/src/">
  </Folder>
  <Folder Name="/eureka-server/eureka-server/src/main/">
  </Folder>
  <Folder Name="/eureka-server/eureka-server/src/main/java/">
  </Folder>
  <Folder Name="/eureka-server/eureka-server/src/main/java/net/">
  </Folder>
  <Folder Name="/eureka-server/eureka-server/src/main/java/net/chrisrichardson/">
  </Folder>
  <Folder Name="/eureka-server/eureka-server/src/main/java/net/chrisrichardson/microservices/">
  </Folder>
  <Folder Name="/eureka-server/eureka-server/src/main/java/net/chrisrichardson/microservices/eurekaserver/">
    <File Path="../Baitap2/eureka-server/eureka-server/src/main/java/net/chrisrichardson/microservices/eurekaserver/EurekaServer.java" />
  </Folder>
  <Folder Name="/eureka-server/eureka-server/src/main/resources/">
    <File Path="../Baitap2/eureka-server/eureka-server/src/main/resources/application.yml" />
  </Folder>
  <Folder Name="/eureka-server/gradle/">
  </Folder>
  <Folder Name="/eureka-server/gradle/wrapper/">
    <File Path="../Baitap2/eureka-server/gradle/wrapper/gradle-wrapper.jar" />
    <File Path="../Baitap2/eureka-server/gradle/wrapper/gradle-wrapper.properties" />
  </Folder>
  <Folder Name="/eureka-server/src/">
  </Folder>
  <Folder Name="/eureka-server/src/main/">
  </Folder>
  <Folder Name="/eureka-server/src/main/java/">
  </Folder>
  <Folder Name="/eureka-server/src/main/java/net/">
  </Folder>
  <Folder Name="/eureka-server/src/main/java/net/chrisrichardson/">
  </Folder>
  <Folder Name="/eureka-server/src/main/java/net/chrisrichardson/microservices/">
  </Folder>
  <Folder Name="/eureka-server/src/main/java/net/chrisrichardson/microservices/eurekaserver/">
    <File Path="../Baitap2/eureka-server/src/main/java/net/chrisrichardson/microservices/eurekaserver/EurekaServer.java" />
  </Folder>
  <Folder Name="/eureka-server/src/main/resources/">
    <File Path="../Baitap2/eureka-server/src/main/resources/application.yml" />
  </Folder>
  <Folder Name="/postgres/">
    <File Path="../Baitap2/postgres/Dockerfile" />
    <File Path="../Baitap2/postgres/createdatabases.sql" />
  </Folder>
  <Folder Name="/postgres/postgres/">
    <File Path="../Baitap2/postgres/postgres/Dockerfile" />
    <File Path="../Baitap2/postgres/postgres/createdatabases.sql" />
  </Folder>
  <Folder Name="/scripts/">
    <File Path="../Baitap2/scripts/app-build.sh" />
    <File Path="../Baitap2/scripts/app-down.sh" />
    <File Path="../Baitap2/scripts/app-logs.sh" />
    <File Path="../Baitap2/scripts/app-run.sh" />
    <File Path="../Baitap2/scripts/app.yml" />
    <File Path="../Baitap2/scripts/build-without-tests.bat" />
    <File Path="../Baitap2/scripts/build-without-tests.sh" />
    <File Path="../Baitap2/scripts/build.bat" />
    <File Path="../Baitap2/scripts/build.sh" />
    <File Path="../Baitap2/scripts/infra-build.sh" />
    <File Path="../Baitap2/scripts/infra-down.sh" />
    <File Path="../Baitap2/scripts/infra-logs.sh" />
    <File Path="../Baitap2/scripts/infra-run.sh" />
    <File Path="../Baitap2/scripts/infra.yml" />
    <File Path="../Baitap2/scripts/rabbitmq-isolated.conf" />
  </Folder>
  <Folder Name="/scripts/scripts/">
    <File Path="../Baitap2/scripts/scripts/app-build.sh" />
    <File Path="../Baitap2/scripts/scripts/app-down.sh" />
    <File Path="../Baitap2/scripts/scripts/app-logs.sh" />
    <File Path="../Baitap2/scripts/scripts/app-run.sh" />
    <File Path="../Baitap2/scripts/scripts/app.yml" />
    <File Path="../Baitap2/scripts/scripts/build-without-tests.bat" />
    <File Path="../Baitap2/scripts/scripts/build-without-tests.sh" />
    <File Path="../Baitap2/scripts/scripts/build.bat" />
    <File Path="../Baitap2/scripts/scripts/build.sh" />
    <File Path="../Baitap2/scripts/scripts/infra-build.sh" />
    <File Path="../Baitap2/scripts/scripts/infra-down.sh" />
    <File Path="../Baitap2/scripts/scripts/infra-logs.sh" />
    <File Path="../Baitap2/scripts/scripts/infra-run.sh" />
    <File Path="../Baitap2/scripts/scripts/infra.yml" />
    <File Path="../Baitap2/scripts/scripts/rabbitmq-isolated.conf" />
  </Folder>
  <Project Path="AgentPortalGateway.Api/AgentPortalGateway.Api.csproj" Id="4da7788f-f39f-4819-93b7-f89be8682a8f" />
  <Project Path="AgentPortalGateway.Test/AgentPortalGateway.Test.csproj" Id="1eefcde6-b3b6-463c-8602-8c69ef5663f7" />
  <Project Path="AgentPortalGateway/AgentPortalGateway.csproj" Id="d9fd5fe6-6172-4e09-8ff6-8a6e4a9a25ec" />
  <Project Path="AuthService.Api/AuthService.Api.csproj" Id="109fece8-d824-4719-acd1-84108ef8c444" />
  <Project Path="AuthService.Test/AuthService.Test.csproj" Id="dc7e27ec-0504-42d3-9b4e-c578e0ebf9ce" />
  <Project Path="AuthService/AuthService.csproj" Id="42d6f7c8-9a38-40e8-95f9-c817649196b0" />
  <Project Path="ChatService.Api/ChatService.Api.csproj" Id="aa5de66c-8d05-43c6-a7ce-232f2bb069cc" />
  <Project Path="ChatService.Test/ChatService.Test.csproj" Id="7e811f4d-e8c1-454e-ae7b-58453220f692" />
  <Project Path="ChatService/ChatService.csproj" Id="3d314a83-1c7d-4e03-908d-b41b030bfb2e" />
  <Project Path="DocumentService.Api/DocumentService.Api.csproj" Id="542f363a-7e9c-41c9-b56d-b6fc78243b32" />
  <Project Path="DocumentService.Test/DocumentService.Test.csproj" Id="b88d3937-0ed5-42ef-80dd-203c5834b581" />
  <Project Path="DocumentService/DocumentService.csproj" Id="9dfe27da-840c-41c0-938e-e184a5657a5c" />
  <Project Path="PaymentService.Api/PaymentService.Api.csproj" Id="7bca0477-9183-4e33-98c4-bf06d035e5ff" />
  <Project Path="PaymentService.Test/PaymentService.Test.csproj" Id="268c159b-4e4e-451f-b503-d7bb2d27de89" />
  <Project Path="PaymentService/PaymentService.csproj" Id="883a54f3-0451-426e-83d3-83c6b4aa6921" />
  <Project Path="PolicySearchService.Api/PolicySearchService.Api.csproj" />
  <Project Path="PolicySearchService.Test/PolicySearchService.Test.csproj" Id="21c8459b-8753-4ab0-8292-76020d4c3604" />
  <Project Path="PolicySearchService/PolicySearchService.csproj" />
  <Project Path="PolicyService.Api/PolicyService.Api.csproj" />
  <Project Path="PolicyService.Test/PolicyService.Test.csproj" />
  <Project Path="PolicyService/PolicyService.csproj" />
  <Project Path="PricingService.Api/PricingService.Api.csproj" />
  <Project Path="PricingService.IntegrationTest/PricingService.IntegrationTest.csproj" />
  <Project Path="PricingService.Test/PricingService.Test.csproj" />
  <Project Path="PricingService/PricingService.csproj" />
  <Project Path="ProductService.Api/ProductService.Api.csproj" />
  <Project Path="ProductService.Test/ProductService.Test.csproj" />
  <Project Path="ProductService/ProductService.csproj" />
</Solution>
